# Generated by scripts/pin-engine.sh — do not edit by hand.
version = "0.7.0"
contract = 1

[sha256]
"coven-code-linux-aarch64.tar.gz" = "af40f8c9ff8896903b6ed4813c6de8ccfdec07e495aee11ecbf99c9efd59f8e2"
"coven-code-linux-x86_64.tar.gz" = "53375e8c3a93177607903ca9aa8314c81268572e29dbfe63c9af88c63c90e934"
"coven-code-macos-aarch64.tar.gz" = "7756f29c58982e571ab94046bd0abe39dac0ede5f1a351c028981b4f76a95281"
"coven-code-macos-x86_64.tar.gz" = "609ab520b91b03ce2b2a0f00425483cf829192de87e5200fa4e6fd06b88b6c4d"
"coven-code-windows-x86_64.zip" = "37016c9350eab097c58617425b4f25c74b202cba5f031f093e8ba5028b7b6997"
